
Microsoft Visual Studio Solution File, Format Version 12.00
# Visual Studio Version 17
VisualStudioVersion = 17.5.33502.453
MinimumVisualStudioVersion = 10.0.40219.1
Project("{FAE04EC0-301F-11D3-BF4B-00C04F79EFBC}") = "TestSegurarseCore", "TestSegurarseCore\TestSegurarseCore.csproj", "{4A66384D-5673-404D-8FED-7A9A0A1EE710}"
EndProject
Global
	GlobalSection(SolutionConfigurationPlatforms) = preSolution
		Debug|Any CPU = Debug|Any CPU
		Release|Any CPU = Release|Any CPU
	EndGlobalSection
	GlobalSection(ProjectConfigurationPlatforms) = postSolution
		{4A66384D-5673-404D-8FED-7A9A0A1EE710}.Debug|Any CPU.ActiveCfg = Debug|Any CPU
		{4A66384D-5673-404D-8FED-7A9A0A1EE710}.Debug|Any CPU.Build.0 = Debug|Any CPU
		{4A66384D-5673-404D-8FED-7A9A0A1EE710}.Release|Any CPU.ActiveCfg = Release|Any CPU
		{4A66384D-5673-404D-8FED-7A9A0A1EE710}.Release|Any CPU.Build.0 = Release|Any CPU
	EndGlobalSection
	GlobalSection(SolutionProperties) = preSolution
		HideSolutionNode = FALSE
	EndGlobalSection
	GlobalSection(ExtensibilityGlobals) = postSolution
		SolutionGuid = {7884BEE9-B0CB-4AA7-879D-AD852C355CEB}
	EndGlobalSection
EndGlobal
